// !$*UTF8*$!
{
	archiveVersion = 1;
	classes = {
	};
	objectVersion = 55;
	objects = {

/* Begin PBXBuildFile section */
		766DC9F628469587000B01D6 /* AppDelegate.swift in Sources */ = {isa = PBXBuildFile; fileRef = 766DC9F528469587000B01D6 /* AppDelegate.swift */; };
		766DC9F828469587000B01D6 /* SceneDelegate.swift in Sources */ = {isa = PBXBuildFile; fileRef = 766DC9F728469587000B01D6 /* SceneDelegate.swift */; };
		766DC9FF28469587000B01D6 /* Assets.xcassets in Resources */ = {isa = PBXBuildFile; fileRef = 766DC9FE28469587000B01D6 /* Assets.xcassets */; };
		766DCA0228469587000B01D6 /* LaunchScreen.storyboard in Resources */ = {isa = PBXBuildFile; fileRef = 766DCA0028469587000B01D6 /* LaunchScreen.storyboard */; };
		766DCA0A28469672000B01D6 /* AppCoordinator.swift in Sources */ = {isa = PBXBuildFile; fileRef = 766DCA0928469672000B01D6 /* AppCoordinator.swift */; };
		766DCA0C28469735000B01D6 /* HomeCoordinator.swift in Sources */ = {isa = PBXBuildFile; fileRef = 766DCA0B28469735000B01D6 /* HomeCoordinator.swift */; };
		766DCA0E284698EA000B01D6 /* DetailCoordinator.swift in Sources */ = {isa = PBXBuildFile; fileRef = 766DCA0D284698EA000B01D6 /* DetailCoordinator.swift */; };
		766DCA102846991A000B01D6 /* HomeViewController.swift in Sources */ = {isa = PBXBuildFile; fileRef = 766DCA0F2846991A000B01D6 /* HomeViewController.swift */; };
		766DCA1228469952000B01D6 /* FlightTableViewCell.swift in Sources */ = {isa = PBXBuildFile; fileRef = 766DCA1128469952000B01D6 /* FlightTableViewCell.swift */; };
		766DCA1428469A3B000B01D6 /* DetailViewController.swift in Sources */ = {isa = PBXBuildFile; fileRef = 766DCA1328469A3B000B01D6 /* DetailViewController.swift */; };
		766DCA1628469A75000B01D6 /* Extensions.swift in Sources */ = {isa = PBXBuildFile; fileRef = 766DCA1528469A75000B01D6 /* Extensions.swift */; };
		766DCA1B2846CEBD000B01D6 /* NetworkService.swift in Sources */ = {isa = PBXBuildFile; fileRef = 766DCA1A2846CEBD000B01D6 /* NetworkService.swift */; };
		766DCA1D2846D00B000B01D6 /* Flight.swift in Sources */ = {isa = PBXBuildFile; fileRef = 766DCA1C2846D00B000B01D6 /* Flight.swift */; };
		766DCA1F2847E72B000B01D6 /* FavoriteView.swift in Sources */ = {isa = PBXBuildFile; fileRef = 766DCA1E2847E72B000B01D6 /* FavoriteView.swift */; };
		766DCA24284806B6000B01D6 /* FavoriteManager.swift in Sources */ = {isa = PBXBuildFile; fileRef = 766DCA23284806B6000B01D6 /* FavoriteManager.swift */; };
		766DCA282848CE14000B01D6 /* DateManager.swift in Sources */ = {isa = PBXBuildFile; fileRef = 766DCA272848CE14000B01D6 /* DateManager.swift */; };
/* End PBXBuildFile section */

/* Begin PBXFileReference section */
		766DC9F228469587000B01D6 /* LetsGoTravel.app */ = {isa = PBXFileReference; explicitFileType = wrapper.application; includeInIndex = 0; path = LetsGoTravel.app; sourceTree = BUILT_PRODUCTS_DIR; };
		766DC9F528469587000B01D6 /* AppDelegate.swift */ = {isa = PBXFileReference; lastKnownFileType = sourcecode.swift; path = AppDelegate.swift; sourceTree = "<group>"; };
		766DC9F728469587000B01D6 /* SceneDelegate.swift */ = {isa = PBXFileReference; lastKnownFileType = sourcecode.swift; path = SceneDelegate.swift; sourceTree = "<group>"; };
		766DC9FE28469587000B01D6 /* Assets.xcassets */ = {isa = PBXFileReference; lastKnownFileType = folder.assetcatalog; path = Assets.xcassets; sourceTree = "<group>"; };
		766DCA0128469587000B01D6 /* Base */ = {isa = PBXFileReference; lastKnownFileType = file.storyboard; name = Base; path = Base.lproj/LaunchScreen.storyboard; sourceTree = "<group>"; };
		766DCA0328469587000B01D6 /* Info.plist */ = {isa = PBXFileReference; lastKnownFileType = text.plist.xml; path = Info.plist; sourceTree = "<group>"; };
		766DCA0928469672000B01D6 /* AppCoordinator.swift */ = {isa = PBXFileReference; lastKnownFileType = sourcecode.swift; path = AppCoordinator.swift; sourceTree = "<group>"; };
		766DCA0B28469735000B01D6 /* HomeCoordinator.swift */ = {isa = PBXFileReference; lastKnownFileType = sourcecode.swift; path = HomeCoordinator.swift; sourceTree = "<group>"; };
		766DCA0D284698EA000B01D6 /* DetailCoordinator.swift */ = {isa = PBXFileReference; lastKnownFileType = sourcecode.swift; path = DetailCoordinator.swift; sourceTree = "<group>"; };
		766DCA0F2846991A000B01D6 /* HomeViewController.swift */ = {isa = PBXFileReference; lastKnownFileType = sourcecode.swift; path = HomeViewController.swift; sourceTree = "<group>"; };
		766DCA1128469952000B01D6 /* FlightTableViewCell.swift */ = {isa = PBXFileReference; lastKnownFileType = sourcecode.swift; path = FlightTableViewCell.swift; sourceTree = "<group>"; };
		766DCA1328469A3B000B01D6 /* DetailViewController.swift */ = {isa = PBXFileReference; lastKnownFileType = sourcecode.swift; path = DetailViewController.swift; sourceTree = "<group>"; };
		766DCA1528469A75000B01D6 /* Extensions.swift */ = {isa = PBXFileReference; lastKnownFileType = sourcecode.swift; path = Extensions.swift; sourceTree = "<group>"; };
		766DCA1A2846CEBD000B01D6 /* NetworkService.swift */ = {isa = PBXFileReference; lastKnownFileType = sourcecode.swift; path = NetworkService.swift; sourceTree = "<group>"; };
		766DCA1C2846D00B000B01D6 /* Flight.swift */ = {isa = PBXFileReference; lastKnownFileType = sourcecode.swift; path = Flight.swift; sourceTree = "<group>"; };
		766DCA1E2847E72B000B01D6 /* FavoriteView.swift */ = {isa = PBXFileReference; lastKnownFileType = sourcecode.swift; path = FavoriteView.swift; sourceTree = "<group>"; };
		766DCA23284806B6000B01D6 /* FavoriteManager.swift */ = {isa = PBXFileReference; lastKnownFileType = sourcecode.swift; path = FavoriteManager.swift; sourceTree = "<group>"; };
		766DCA272848CE14000B01D6 /* DateManager.swift */ = {isa = PBXFileReference; lastKnownFileType = sourcecode.swift; path = DateManager.swift; sourceTree = "<group>"; };
/* End PBXFileReference section */

/* Begin PBXFrameworksBuildPhase section */
		766DC9EF28469587000B01D6 /* Frameworks */ = {
			isa = PBXFrameworksBuildPhase;
			buildActionMask = 2147483647;
			files = (
			);
			runOnlyForDeploymentPostprocessing = 0;
		};
/* End PBXFrameworksBuildPhase section */

/* Begin PBXGroup section */
		766DC9E928469587000B01D6 = {
			isa = PBXGroup;
			children = (
				766DC9F428469587000B01D6 /* LetsGoTravel */,
				766DC9F328469587000B01D6 /* Products */,
			);
			sourceTree = "<group>";
		};
		766DC9F328469587000B01D6 /* Products */ = {
			isa = PBXGroup;
			children = (
				766DC9F228469587000B01D6 /* LetsGoTravel.app */,
			);
			name = Products;
			sourceTree = "<group>";
		};
		766DC9F428469587000B01D6 /* LetsGoTravel */ = {
			isa = PBXGroup;
			children = (
				766DCA222848067E000B01D6 /* NetworkService */,
				766DCA1728469EBE000B01D6 /* Coordinators */,
				766DCA2928491D23000B01D6 /* Managers */,
				766DCA1828469EEC000B01D6 /* ViewControllers */,
				766DCA202847EBA0000B01D6 /* Views */,
				766DCA1928469F0D000B01D6 /* Cells */,
				766DCA212847EBC8000B01D6 /* Extensions */,
				766DC9FE28469587000B01D6 /* Assets.xcassets */,
				766DC9F728469587000B01D6 /* SceneDelegate.swift */,
				766DC9F528469587000B01D6 /* AppDelegate.swift */,
				766DCA0028469587000B01D6 /* LaunchScreen.storyboard */,
				766DCA0328469587000B01D6 /* Info.plist */,
			);
			path = LetsGoTravel;
			sourceTree = "<group>";
		};
		766DCA1728469EBE000B01D6 /* Coordinators */ = {
			isa = PBXGroup;
			children = (
				766DCA0928469672000B01D6 /* AppCoordinator.swift */,
				766DCA0B28469735000B01D6 /* HomeCoordinator.swift */,
				766DCA0D284698EA000B01D6 /* DetailCoordinator.swift */,
			);
			path = Coordinators;
			sourceTree = "<group>";
		};
		766DCA1828469EEC000B01D6 /* ViewControllers */ = {
			isa = PBXGroup;
			children = (
				766DCA0F2846991A000B01D6 /* HomeViewController.swift */,
				766DCA1328469A3B000B01D6 /* DetailViewController.swift */,
			);
			path = ViewControllers;
			sourceTree = "<group>";
		};
		766DCA1928469F0D000B01D6 /* Cells */ = {
			isa = PBXGroup;
			children = (
				766DCA1128469952000B01D6 /* FlightTableViewCell.swift */,
			);
			path = Cells;
			sourceTree = "<group>";
		};
		766DCA202847EBA0000B01D6 /* Views */ = {
			isa = PBXGroup;
			children = (
				766DCA1E2847E72B000B01D6 /* FavoriteView.swift */,
			);
			path = Views;
			sourceTree = "<group>";
		};
		766DCA212847EBC8000B01D6 /* Extensions */ = {
			isa = PBXGroup;
			children = (
				766DCA1528469A75000B01D6 /* Extensions.swift */,
			);
			path = Extensions;
			sourceTree = "<group>";
		};
		766DCA222848067E000B01D6 /* NetworkService */ = {
			isa = PBXGroup;
			children = (
				766DCA1A2846CEBD000B01D6 /* NetworkService.swift */,
				766DCA1C2846D00B000B01D6 /* Flight.swift */,
			);
			path = NetworkService;
			sourceTree = "<group>";
		};
		766DCA2928491D23000B01D6 /* Managers */ = {
			isa = PBXGroup;
			children = (
				766DCA272848CE14000B01D6 /* DateManager.swift */,
				766DCA23284806B6000B01D6 /* FavoriteManager.swift */,
			);
			path = Managers;
			sourceTree = "<group>";
		};
/* End PBXGroup section */

/* Begin PBXNativeTarget section */
		766DC9F128469587000B01D6 /* LetsGoTravel */ = {
			isa = PBXNativeTarget;
			buildConfigurationList = 766DCA0628469587000B01D6 /* Build configuration list for PBXNativeTarget "LetsGoTravel" */;
			buildPhases = (
				766DC9EE28469587000B01D6 /* Sources */,
				766DC9EF28469587000B01D6 /* Frameworks */,
				766DC9F028469587000B01D6 /* Resources */,
			);
			buildRules = (
			);
			dependencies = (
			);
			name = LetsGoTravel;
			packageProductDependencies = (
			);
			productName = LetsGoTravel;
			productReference = 766DC9F228469587000B01D6 /* LetsGoTravel.app */;
			productType = "com.apple.product-type.application";
		};
/* End PBXNativeTarget section */

/* Begin PBXProject section */
		766DC9EA28469587000B01D6 /* Project object */ = {
			isa = PBXProject;
			attributes = {
				BuildIndependentTargetsInParallel = 1;
				LastSwiftUpdateCheck = 1330;
				LastUpgradeCheck = 1330;
				TargetAttributes = {
					766DC9F128469587000B01D6 = {
						CreatedOnToolsVersion = 13.3.1;
					};
				};
			};
			buildConfigurationList = 766DC9ED28469587000B01D6 /* Build configuration list for PBXProject "LetsGoTravel" */;
			compatibilityVersion = "Xcode 13.0";
			developmentRegion = en;
			hasScannedForEncodings = 0;
			knownRegions = (
				en,
				Base,
			);
			mainGroup = 766DC9E928469587000B01D6;
			packageReferences = (
			);
			productRefGroup = 766DC9F328469587000B01D6 /* Products */;
			projectDirPath = "";
			projectRoot = "";
			targets = (
				766DC9F128469587000B01D6 /* LetsGoTravel */,
			);
		};
/* End PBXProject section */

/* Begin PBXResourcesBuildPhase section */
		766DC9F028469587000B01D6 /* Resources */ = {
			isa = PBXResourcesBuildPhase;
			buildActionMask = 2147483647;
			files = (
				766DCA0228469587000B01D6 /* LaunchScreen.storyboard in Resources */,
				766DC9FF28469587000B01D6 /* Assets.xcassets in Resources */,
			);
			runOnlyForDeploymentPostprocessing = 0;
		};
/* End PBXResourcesBuildPhase section */

/* Begin PBXSourcesBuildPhase section */
		766DC9EE28469587000B01D6 /* Sources */ = {
			isa = PBXSourcesBuildPhase;
			buildActionMask = 2147483647;
			files = (
				766DCA1B2846CEBD000B01D6 /* NetworkService.swift in Sources */,
				766DCA0A28469672000B01D6 /* AppCoordinator.swift in Sources */,
				766DCA24284806B6000B01D6 /* FavoriteManager.swift in Sources */,
				766DCA0C28469735000B01D6 /* HomeCoordinator.swift in Sources */,
				766DC9F628469587000B01D6 /* AppDelegate.swift in Sources */,
				766DCA1F2847E72B000B01D6 /* FavoriteView.swift in Sources */,
				766DCA282848CE14000B01D6 /* DateManager.swift in Sources */,
				766DC9F828469587000B01D6 /* SceneDelegate.swift in Sources */,
				766DCA1628469A75000B01D6 /* Extensions.swift in Sources */,
				766DCA102846991A000B01D6 /* HomeViewController.swift in Sources */,
				766DCA1428469A3B000B01D6 /* DetailViewController.swift in Sources */,
				766DCA0E284698EA000B01D6 /* DetailCoordinator.swift in Sources */,
				766DCA1D2846D00B000B01D6 /* Flight.swift in Sources */,
				766DCA1228469952000B01D6 /* FlightTableViewCell.swift in Sources */,
			);
			runOnlyForDeploymentPostprocessing = 0;
		};
/* End PBXSourcesBuildPhase section */

/* Begin PBXVariantGroup section */
		766DCA0028469587000B01D6 /* LaunchScreen.storyboard */ = {
			isa = PBXVariantGroup;
			children = (
				766DCA0128469587000B01D6 /* Base */,
			);
			name = LaunchScreen.storyboard;
			sourceTree = "<group>";
		};
/* End PBXVariantGroup section */

/* Begin XCBuildConfiguration section */
		766DCA0428469587000B01D6 /* Debug */ = {
			isa = XCBuildConfiguration;
			buildSettings = {
				ALWAYS_SEARCH_USER_PATHS = NO;
				CLANG_ANALYZER_NONNULL = YES;
				CLANG_ANALYZER_NUMBER_OBJECT_CONVERSION = YES_AGGRESSIVE;
				CLANG_CXX_LANGUAGE_STANDARD = "gnu++17";
				CLANG_ENABLE_MODULES = YES;
				CLANG_ENABLE_OBJC_ARC = YES;
				CLANG_ENABLE_OBJC_WEAK = YES;
				CLANG_WARN_BLOCK_CAPTURE_AUTORELEASING = YES;
				CLANG_WARN_BOOL_CONVERSION = YES;
				CLANG_WARN_COMMA = YES;
				CLANG_WARN_CONSTANT_CONVERSION = YES;
				CLANG_WARN_DEPRECATED_OBJC_IMPLEMENTATIONS = YES;
				CLANG_WARN_DIRECT_OBJC_ISA_USAGE = YES_ERROR;
				CLANG_WARN_DOCUMENTATION_COMMENTS = YES;
				CLANG_WARN_EMPTY_BODY = YES;
				CLANG_WARN_ENUM_CONVERSION = YES;
				CLANG_WARN_INFINITE_RECURSION = YES;
				CLANG_WARN_INT_CONVERSION = YES;
				CLANG_WARN_NON_LITERAL_NULL_CONVERSION = YES;
				CLANG_WARN_OBJC_IMPLICIT_RETAIN_SELF = YES;
				CLANG_WARN_OBJC_LITERAL_CONVERSION = YES;
				CLANG_WARN_OBJC_ROOT_CLASS = YES_ERROR;
				CLANG_WARN_QUOTED_INCLUDE_IN_FRAMEWORK_HEADER = YES;
				CLANG_WARN_RANGE_LOOP_ANALYSIS = YES;
				CLANG_WARN_STRICT_PROTOTYPES = YES;
				CLANG_WARN_SUSPICIOUS_MOVE = YES;
				CLANG_WARN_UNGUARDED_AVAILABILITY = YES_AGGRESSIVE;
				CLANG_WARN_UNREACHABLE_CODE = YES;
				CLANG_WARN__DUPLICATE_METHOD_MATCH = YES;
				COPY_PHASE_STRIP = NO;
				DEBUG_INFORMATION_FORMAT = dwarf;
				ENABLE_STRICT_OBJC_MSGSEND = YES;
				ENABLE_TESTABILITY = YES;
				GCC_C_LANGUAGE_STANDARD = gnu11;
				GCC_DYNAMIC_NO_PIC = NO;
				GCC_NO_COMMON_BLOCKS = YES;
				GCC_OPTIMIZATION_LEVEL = 0;
				GCC_PREPROCESSOR_DEFINITIONS = (
					"DEBUG=1",
					"$(inherited)",
				);
				GCC_WARN_64_TO_32_BIT_CONVERSION = YES;
				GCC_WARN_ABOUT_RETURN_TYPE = YES_ERROR;
				GCC_WARN_UNDECLARED_SELECTOR = YES;
				GCC_WARN_UNINITIALIZED_AUTOS = YES_AGGRESSIVE;
				GCC_WARN_UNUSED_FUNCTION = YES;
				GCC_WARN_UNUSED_VARIABLE = YES;
				IPHONEOS_DEPLOYMENT_TARGET = 15.4;
				MTL_ENABLE_DEBUG_INFO = INCLUDE_SOURCE;
				MTL_FAST_MATH = YES;
				ONLY_ACTIVE_ARCH = YES;
				SDKROOT = iphoneos;
				SWIFT_ACTIVE_COMPILATION_CONDITIONS = DEBUG;
				SWIFT_OPTIMIZATION_LEVEL = "-Onone";
			};
			name = Debug;
		};
		766DCA0528469587000B01D6 /* Release */ = {
			isa = XCBuildConfiguration;
			buildSettings = {
				ALWAYS_SEARCH_USER_PATHS = NO;
				CLANG_ANALYZER_NONNULL = YES;
				CLANG_ANALYZER_NUMBER_OBJECT_CONVERSION = YES_AGGRESSIVE;
				CLANG_CXX_LANGUAGE_STANDARD = "gnu++17";
				CLANG_ENABLE_MODULES = YES;
				CLANG_ENABLE_OBJC_ARC = YES;
				CLANG_ENABLE_OBJC_WEAK = YES;
				CLANG_WARN_BLOCK_CAPTURE_AUTORELEASING = YES;
				CLANG_WARN_BOOL_CONVERSION = YES;
				CLANG_WARN_COMMA = YES;
				CLANG_WARN_CONSTANT_CONVERSION = YES;
				CLANG_WARN_DEPRECATED_OBJC_IMPLEMENTATIONS = YES;
				CLANG_WARN_DIRECT_OBJC_ISA_USAGE = YES_ERROR;
				CLANG_WARN_DOCUMENTATION_COMMENTS = YES;
				CLANG_WARN_EMPTY_BODY = YES;
				CLANG_WARN_ENUM_CONVERSION = YES;
				CLANG_WARN_INFINITE_RECURSION = YES;
				CLANG_WARN_INT_CONVERSION = YES;
				CLANG_WARN_NON_LITERAL_NULL_CONVERSION = YES;
				CLANG_WARN_OBJC_IMPLICIT_RETAIN_SELF = YES;
				CLANG_WARN_OBJC_LITERAL_CONVERSION = YES;
				CLANG_WARN_OBJC_ROOT_CLASS = YES_ERROR;
				CLANG_WARN_QUOTED_INCLUDE_IN_FRAMEWORK_HEADER = YES;
				CLANG_WARN_RANGE_LOOP_ANALYSIS = YES;
				CLANG_WARN_STRICT_PROTOTYPES = YES;
				CLANG_WARN_SUSPICIOUS_MOVE = YES;
				CLANG_WARN_UNGUARDED_AVAILABILITY = YES_AGGRESSIVE;
				CLANG_WARN_UNREACHABLE_CODE = YES;
				CLANG_WARN__DUPLICATE_METHOD_MATCH = YES;
				COPY_PHASE_STRIP = NO;
				DEBUG_INFORMATION_FORMAT = "dwarf-with-dsym";
				ENABLE_NS_ASSERTIONS = NO;
				ENABLE_STRICT_OBJC_MSGSEND = YES;
				GCC_C_LANGUAGE_STANDARD = gnu11;
				GCC_NO_COMMON_BLOCKS = YES;
				GCC_WARN_64_TO_32_BIT_CONVERSION = YES;
				GCC_WARN_ABOUT_RETURN_TYPE = YES_ERROR;
				GCC_WARN_UNDECLARED_SELECTOR = YES;
				GCC_WARN_UNINITIALIZED_AUTOS = YES_AGGRESSIVE;
				GCC_WARN_UNUSED_FUNCTION = YES;
				GCC_WARN_UNUSED_VARIABLE = YES;
				IPHONEOS_DEPLOYMENT_TARGET = 15.4;
				MTL_ENABLE_DEBUG_INFO = NO;
				MTL_FAST_MATH = YES;
				SDKROOT = iphoneos;
				SWIFT_COMPILATION_MODE = wholemodule;
				SWIFT_OPTIMIZATION_LEVEL = "-O";
				VALIDATE_PRODUCT = YES;
			};
			name = Release;
		};
		766DCA0728469587000B01D6 /* Debug */ = {
			isa = XCBuildConfiguration;
			buildSettings = {
				ASSETCATALOG_COMPILER_APPICON_NAME = AppIcon;
				ASSETCATALOG_COMPILER_GLOBAL_ACCENT_COLOR_NAME = AccentColor;
				CODE_SIGN_STYLE = Automatic;
				CURRENT_PROJECT_VERSION = 1;
				GENERATE_INFOPLIST_FILE = YES;
				INFOPLIST_FILE = LetsGoTravel/Info.plist;
				INFOPLIST_KEY_UIApplicationSupportsIndirectInputEvents = YES;
				INFOPLIST_KEY_UILaunchStoryboardName = LaunchScreen;
				INFOPLIST_KEY_UIMainStoryboardFile = LaunchScreen;
				INFOPLIST_KEY_UISupportedInterfaceOrientations = UIInterfaceOrientationPortrait;
				INFOPLIST_KEY_UISupportedInterfaceOrientations_iPad = "UIInterfaceOrientationPortrait UIInterfaceOrientationPortraitUpsideDown UIInterfaceOrientationLandscapeLeft UIInterfaceOrientationLandscapeRight";
				INFOPLIST_KEY_UISupportedInterfaceOrientations_iPhone = "UIInterfaceOrientationPortrait UIInterfaceOrientationLandscapeLeft UIInterfaceOrientationLandscapeRight";
				LD_RUNPATH_SEARCH_PATHS = (
					"$(inherited)",
					"@executable_path/Frameworks",
				);
				MARKETING_VERSION = 1.0;
				PRODUCT_BUNDLE_IDENTIFIER = com.malich.LetsGoTravel;
				PRODUCT_NAME = "$(TARGET_NAME)";
				SWIFT_EMIT_LOC_STRINGS = YES;
				SWIFT_VERSION = 5.0;
				TARGETED_DEVICE_FAMILY = 1;
			};
			name = Debug;
		};
		766DCA0828469587000B01D6 /* Release */ = {
			isa = XCBuildConfiguration;
			buildSettings = {
				ASSETCATALOG_COMPILER_APPICON_NAME = AppIcon;
				ASSETCATALOG_COMPILER_GLOBAL_ACCENT_COLOR_NAME = AccentColor;
				CODE_SIGN_STYLE = Automatic;
				CURRENT_PROJECT_VERSION = 1;
				GENERATE_INFOPLIST_FILE = YES;
				INFOPLIST_FILE = LetsGoTravel/Info.plist;
				INFOPLIST_KEY_UIApplicationSupportsIndirectInputEvents = YES;
				INFOPLIST_KEY_UILaunchStoryboardName = LaunchScreen;
				INFOPLIST_KEY_UIMainStoryboardFile = LaunchScreen;
				INFOPLIST_KEY_UISupportedInterfaceOrientations = UIInterfaceOrientationPortrait;
				INFOPLIST_KEY_UISupportedInterfaceOrientations_iPad = "UIInterfaceOrientationPortrait UIInterfaceOrientationPortraitUpsideDown UIInterfaceOrientationLandscapeLeft UIInterfaceOrientationLandscapeRight";
				INFOPLIST_KEY_UISupportedInterfaceOrientations_iPhone = "UIInterfaceOrientationPortrait UIInterfaceOrientationLandscapeLeft UIInterfaceOrientationLandscapeRight";
				LD_RUNPATH_SEARCH_PATHS = (
					"$(inherited)",
					"@executable_path/Frameworks",
				);
				MARKETING_VERSION = 1.0;
				PRODUCT_BUNDLE_IDENTIFIER = com.malich.LetsGoTravel;
				PRODUCT_NAME = "$(TARGET_NAME)";
				SWIFT_EMIT_LOC_STRINGS = YES;
				SWIFT_VERSION = 5.0;
				TARGETED_DEVICE_FAMILY = 1;
			};
			name = Release;
		};
/* End XCBuildConfiguration section */

/* Begin XCConfigurationList section */
		766DC9ED28469587000B01D6 /* Build configuration list for PBXProject "LetsGoTravel" */ = {
			isa = XCConfigurationList;
			buildConfigurations = (
				766DCA0428469587000B01D6 /* Debug */,
				766DCA0528469587000B01D6 /* Release */,
			);
			defaultConfigurationIsVisible = 0;
			defaultConfigurationName = Release;
		};
		766DCA0628469587000B01D6 /* Build configuration list for PBXNativeTarget "LetsGoTravel" */ = {
			isa = XCConfigurationList;
			buildConfigurations = (
				766DCA0728469587000B01D6 /* Debug */,
				766DCA0828469587000B01D6 /* Release */,
			);
			defaultConfigurationIsVisible = 0;
			defaultConfigurationName = Release;
		};
/* End XCConfigurationList section */
	};
	rootObject = 766DC9EA28469587000B01D6 /* Project object */;
}
